<?xml version="1.0" encoding="utf-8"?>
<Project ToolsVersion="4.0" xmlns="http://schemas.microsoft.com/developer/msbuild/2003">
  <ItemGroup>
    <Filter Include="ソース ファイル">
      <UniqueIdentifier>{4FC737F1-C7A5-4376-A066-2A32D752A2FF}</UniqueIdentifier>
      <Extensions>cpp;c;cc;cxx;def;odl;idl;hpj;bat;asm;asmx</Extensions>
    </Filter>
    <Filter Include="ヘッダー ファイル">
      <UniqueIdentifier>{93995380-89BD-4b04-88EB-625FBE52EBFB}</UniqueIdentifier>
      <Extensions>h;hh;hpp;hxx;hm;inl;inc;ipp;xsd</Extensions>
    </Filter>
    <Filter Include="リソース ファイル">
      <UniqueIdentifier>{67DA6AB6-F800-4c08-8B7A-83BB121AAD01}</UniqueIdentifier>
      <Extensions>rc;ico;cur;bmp;dlg;rc2;rct;bin;rgs;gif;jpg;jpeg;jpe;resx;tiff;tif;png;wav;mfcribbon-ms</Extensions>
    </Filter>
    <Filter Include="ソース ファイル\フィールド">
      <UniqueIdentifier>{af7d4ff5-5911-4bfc-adae-e15ebbed8960}</UniqueIdentifier>
    </Filter>
    <Filter Include="ヘッダー ファイル\フィールド">
      <UniqueIdentifier>{bd929389-d73a-4d7d-b9a6-e36e97321794}</UniqueIdentifier>
    </Filter>
    <Filter Include="ソース ファイル\セレクト">
      <UniqueIdentifier>{e4b0bb6f-d503-4f06-8675-4987e5b14937}</UniqueIdentifier>
    </Filter>
    <Filter Include="ヘッダー ファイル\セレクト">
      <UniqueIdentifier>{20f7bfa8-2f90-4f32-a400-f17772ecc37c}</UniqueIdentifier>
    </Filter>
  </ItemGroup>
  <ItemGroup>
    <ClCompile Include="main.cpp">
      <Filter>ソース ファイル</Filter>
    </ClCompile>
    <ClCompile Include="Field\block.cpp">
      <Filter>ソース ファイル\フィールド</Filter>
    </ClCompile>
    <ClCompile Include="select\menu.cpp">
      <Filter>ソース ファイル\セレクト</Filter>
    </ClCompile>
  </ItemGroup>
  <ItemGroup>
    <ClInclude Include="Field\block.h">
      <Filter>ヘッダー ファイル\フィールド</Filter>
    </ClInclude>
    <ClInclude Include="select\menu.h">
      <Filter>ヘッダー ファイル\セレクト</Filter>
    </ClInclude>
  </ItemGroup>
</Project>